
Microsoft Visual Studio Solution File, Format Version 12.00
# Visual Studio Version 17
VisualStudioVersion = 17.6.33815.320
MinimumVisualStudioVersion = 10.0.40219.1
Project("{9A19103F-16F7-4668-BE54-9A1E7A4F7556}") = "SrceNaRukavu.API", "SrceNaRukavu.API\SrceNaRukavu.API.csproj", "{E93C8912-4DA7-491B-ADE4-AF6CE21D185B}"
EndProject
Project("{9A19103F-16F7-4668-BE54-9A1E7A4F7556}") = "SrceNaRukavu.Domain", "SrceNaRukavu.Domain\SrceNaRukavu.Domain.csproj", "{BA3A49DC-600D-412C-B94F-2CFA876A1AB0}"
EndProject
Project("{9A19103F-16F7-4668-BE54-9A1E7A4F7556}") = "SrceNaRukavu.Application", "SrceNaRukavu.Application\SrceNaRukavu.Application.csproj", "{281374D3-D86C-45D3-A388-69A7BE29C2E8}"
EndProject
Project("{54A90642-561A-4BB1-A94E-469ADEE60C69}") = "SrceNaRukavu.Web", "SrceNaRukavu.Web\SrceNaRukavu.Web.esproj", "{AA0BC949-9DED-495B-BE30-FA6542AD97D6}"
EndProject
Global
	GlobalSection(SolutionConfigurationPlatforms) = preSolution
		Debug|Any CPU = Debug|Any CPU
		Release|Any CPU = Release|Any CPU
	EndGlobalSection
	GlobalSection(ProjectConfigurationPlatforms) = postSolution
		{E93C8912-4DA7-491B-ADE4-AF6CE21D185B}.Debug|Any CPU.ActiveCfg = Debug|Any CPU
		{E93C8912-4DA7-491B-ADE4-AF6CE21D185B}.Debug|Any CPU.Build.0 = Debug|Any CPU
		{E93C8912-4DA7-491B-ADE4-AF6CE21D185B}.Release|Any CPU.ActiveCfg = Release|Any CPU
		{E93C8912-4DA7-491B-ADE4-AF6CE21D185B}.Release|Any CPU.Build.0 = Release|Any CPU
		{BA3A49DC-600D-412C-B94F-2CFA876A1AB0}.Debug|Any CPU.ActiveCfg = Debug|Any CPU
		{BA3A49DC-600D-412C-B94F-2CFA876A1AB0}.Debug|Any CPU.Build.0 = Debug|Any CPU
		{BA3A49DC-600D-412C-B94F-2CFA876A1AB0}.Release|Any CPU.ActiveCfg = Release|Any CPU
		{BA3A49DC-600D-412C-B94F-2CFA876A1AB0}.Release|Any CPU.Build.0 = Release|Any CPU
		{281374D3-D86C-45D3-A388-69A7BE29C2E8}.Debug|Any CPU.ActiveCfg = Debug|Any CPU
		{281374D3-D86C-45D3-A388-69A7BE29C2E8}.Debug|Any CPU.Build.0 = Debug|Any CPU
		{281374D3-D86C-45D3-A388-69A7BE29C2E8}.Release|Any CPU.ActiveCfg = Release|Any CPU
		{281374D3-D86C-45D3-A388-69A7BE29C2E8}.Release|Any CPU.Build.0 = Release|Any CPU
		{AA0BC949-9DED-495B-BE30-FA6542AD97D6}.Debug|Any CPU.ActiveCfg = Debug|Any CPU
		{AA0BC949-9DED-495B-BE30-FA6542AD97D6}.Debug|Any CPU.Build.0 = Debug|Any CPU
		{AA0BC949-9DED-495B-BE30-FA6542AD97D6}.Debug|Any CPU.Deploy.0 = Debug|Any CPU
		{AA0BC949-9DED-495B-BE30-FA6542AD97D6}.Release|Any CPU.ActiveCfg = Release|Any CPU
		{AA0BC949-9DED-495B-BE30-FA6542AD97D6}.Release|Any CPU.Build.0 = Release|Any CPU
		{AA0BC949-9DED-495B-BE30-FA6542AD97D6}.Release|Any CPU.Deploy.0 = Release|Any CPU
	EndGlobalSection
	GlobalSection(SolutionProperties) = preSolution
		HideSolutionNode = FALSE
	EndGlobalSection
	GlobalSection(ExtensibilityGlobals) = postSolution
		SolutionGuid = {DE912BF9-4408-4FDD-B201-06707CB5AAC3}
	EndGlobalSection
EndGlobal
